
Microsoft Visual Studio Solution File, Format Version 12.00
# Visual Studio Version 17
VisualStudioVersion = 17.2.32616.157
MinimumVisualStudioVersion = 10.0.40219.1
Project("{D2ABAB84-BF74-430A-B69E-9DC6D40DDA17}") = "Giant Bikes Data Warehouse", "Giant Bikes Data Warehouse.dwproj", "{77D7D987-F92B-4836-8283-58024C77C09C}"
EndProject
Global
	GlobalSection(SolutionConfigurationPlatforms) = preSolution
		Development|Default = Development|Default
	EndGlobalSection
	GlobalSection(ProjectConfigurationPlatforms) = postSolution
		{77D7D987-F92B-4836-8283-58024C77C09C}.Development|Default.ActiveCfg = Development
		{77D7D987-F92B-4836-8283-58024C77C09C}.Development|Default.Build.0 = Development
		{77D7D987-F92B-4836-8283-58024C77C09C}.Development|Default.Deploy.0 = Development
	EndGlobalSection
	GlobalSection(SolutionProperties) = preSolution
		HideSolutionNode = FALSE
	EndGlobalSection
	GlobalSection(ExtensibilityGlobals) = postSolution
		SolutionGuid = {9F061051-DA1F-498F-90CC-8DA8289C9E8F}
	EndGlobalSection
EndGlobal
